
Microsoft Visual Studio Solution File, Format Version 12.00
# Visual Studio 14
VisualStudioVersion = 14.0.25420.1
MinimumVisualStudioVersion = 10.0.40219.1
Project("{FAE04EC0-301F-11D3-BF4B-00C04F79EFBC}") = "prk-var7", "prk-var7\prk-var7.csproj", "{92047131-E1EA-4A6F-908E-5C828D40EC41}"
EndProject
Project("{FAE04EC0-301F-11D3-BF4B-00C04F79EFBC}") = "prk2-var7", "prk2-var7\prk2-var7.csproj", "{265FFBC5-6ECD-4A9B-B569-1F2269853474}"
EndProject
Project("{FAE04EC0-301F-11D3-BF4B-00C04F79EFBC}") = "prk-for", "prk-for\prk-for.csproj", "{F6C3BA4A-FFA3-4615-982E-EE1F63C431DE}"
EndProject
Project("{FAE04EC0-301F-11D3-BF4B-00C04F79EFBC}") = "prk-assign", "prk-assign\prk-assign.csproj", "{4D8982F5-2225-4E57-AD24-AA88971B0EF8}"
EndProject
Global
	GlobalSection(SolutionConfigurationPlatforms) = preSolution
		Debug|Any CPU = Debug|Any CPU
		Release|Any CPU = Release|Any CPU
	EndGlobalSection
	GlobalSection(ProjectConfigurationPlatforms) = postSolution
		{92047131-E1EA-4A6F-908E-5C828D40EC41}.Debug|Any CPU.ActiveCfg = Debug|Any CPU
		{92047131-E1EA-4A6F-908E-5C828D40EC41}.Debug|Any CPU.Build.0 = Debug|Any CPU
		{92047131-E1EA-4A6F-908E-5C828D40EC41}.Release|Any CPU.ActiveCfg = Release|Any CPU
		{92047131-E1EA-4A6F-908E-5C828D40EC41}.Release|Any CPU.Build.0 = Release|Any CPU
		{265FFBC5-6ECD-4A9B-B569-1F2269853474}.Debug|Any CPU.ActiveCfg = Debug|Any CPU
		{265FFBC5-6ECD-4A9B-B569-1F2269853474}.Debug|Any CPU.Build.0 = Debug|Any CPU
		{265FFBC5-6ECD-4A9B-B569-1F2269853474}.Release|Any CPU.ActiveCfg = Release|Any CPU
		{265FFBC5-6ECD-4A9B-B569-1F2269853474}.Release|Any CPU.Build.0 = Release|Any CPU
		{F6C3BA4A-FFA3-4615-982E-EE1F63C431DE}.Debug|Any CPU.ActiveCfg = Debug|Any CPU
		{F6C3BA4A-FFA3-4615-982E-EE1F63C431DE}.Debug|Any CPU.Build.0 = Debug|Any CPU
		{F6C3BA4A-FFA3-4615-982E-EE1F63C431DE}.Release|Any CPU.ActiveCfg = Release|Any CPU
		{F6C3BA4A-FFA3-4615-982E-EE1F63C431DE}.Release|Any CPU.Build.0 = Release|Any CPU
		{4D8982F5-2225-4E57-AD24-AA88971B0EF8}.Debug|Any CPU.ActiveCfg = Debug|Any CPU
		{4D8982F5-2225-4E57-AD24-AA88971B0EF8}.Debug|Any CPU.Build.0 = Debug|Any CPU
		{4D8982F5-2225-4E57-AD24-AA88971B0EF8}.Release|Any CPU.ActiveCfg = Release|Any CPU
		{4D8982F5-2225-4E57-AD24-AA88971B0EF8}.Release|Any CPU.Build.0 = Release|Any CPU
	EndGlobalSection
	GlobalSection(SolutionProperties) = preSolution
		HideSolutionNode = FALSE
	EndGlobalSection
EndGlobal
